
Microsoft Visual Studio Solution File, Format Version 12.00
# Visual Studio Version 16
VisualStudioVersion = 16.0.28803.352
MinimumVisualStudioVersion = 10.0.40219.1
Project("{8BC9CEB8-8B4A-11D0-8D11-00A0C91BC942}") = "Calc", "Calc\Calc.vcxproj", "{A39B337E-71F2-4500-9BE1-5E6B2EB5B891}"
EndProject
Global
	GlobalSection(SolutionConfigurationPlatforms) = preSolution
		Debug|x86 = Debug|x86
		Release|x86 = Release|x86
	EndGlobalSection
	GlobalSection(ProjectConfigurationPlatforms) = postSolution
		{A39B337E-71F2-4500-9BE1-5E6B2EB5B891}.Debug|x86.ActiveCfg = Debug|Win32
		{A39B337E-71F2-4500-9BE1-5E6B2EB5B891}.Debug|x86.Build.0 = Debug|Win32
		{A39B337E-71F2-4500-9BE1-5E6B2EB5B891}.Release|x86.ActiveCfg = Release|Win32
		{A39B337E-71F2-4500-9BE1-5E6B2EB5B891}.Release|x86.Build.0 = Release|Win32
	EndGlobalSection
	GlobalSection(SolutionProperties) = preSolution
		HideSolutionNode = FALSE
	EndGlobalSection
	GlobalSection(ExtensibilityGlobals) = postSolution
		SolutionGuid = {97FDAFA3-506E-4946-A983-C5D67FBC0984}
	EndGlobalSection
EndGlobal
